
Microsoft Visual Studio Solution File, Format Version 12.00
# Visual Studio Version 16
VisualStudioVersion = 16.0.30621.155
MinimumVisualStudioVersion = 10.0.40219.1
Project("{FAE04EC0-301F-11D3-BF4B-00C04F79EFBC}") = "PruebaConsola", "PruebaConsola.csproj", "{06BDEE90-A837-4F53-8DDB-75854C0A7527}"
EndProject
Global
	GlobalSection(SolutionConfigurationPlatforms) = preSolution
		Debug|Any CPU = Debug|Any CPU
		Release|Any CPU = Release|Any CPU
	EndGlobalSection
	GlobalSection(ProjectConfigurationPlatforms) = postSolution
		{06BDEE90-A837-4F53-8DDB-75854C0A7527}.Debug|Any CPU.ActiveCfg = Debug|Any CPU
		{06BDEE90-A837-4F53-8DDB-75854C0A7527}.Debug|Any CPU.Build.0 = Debug|Any CPU
		{06BDEE90-A837-4F53-8DDB-75854C0A7527}.Release|Any CPU.ActiveCfg = Release|Any CPU
		{06BDEE90-A837-4F53-8DDB-75854C0A7527}.Release|Any CPU.Build.0 = Release|Any CPU
	EndGlobalSection
	GlobalSection(SolutionProperties) = preSolution
		HideSolutionNode = FALSE
	EndGlobalSection
	GlobalSection(ExtensibilityGlobals) = postSolution
		SolutionGuid = {B0297072-1D89-4C30-ADC7-CA0F7A5F8339}
	EndGlobalSection
EndGlobal
